{
  "nodes": {
    "nixpkgs": {
      "locked": {
        "lastModified": 1669556876,
        "narHash": "sha256-WF1KAul1L/ALduSLj0FDrc3uP3ZAEm8jMVeW1J4efOY=",
        "owner": "nixos",
        "repo": "nixpkgs",
        "rev": "9edd8bbef7b0136febfb6d1bdc41c9bc80c0f90f",
        "type": "github"
      },
      "original": {
        "owner": "nixos",
        "ref": "master",
        "repo": "nixpkgs",
        "type": "github"
      }
    },
    "root": {
      "inputs": {
        "nixpkgs": "nixpkgs"
      }
    }
  },
  "root": "root",
  "version": 7
}
